{
  "pins" : [
    {
      "identity" : "swiftopenai",
      "kind" : "remoteSourceControl",
      "location" : "https://github.com/jamesrochabrun/SwiftOpenAI",
      "state" : {
        "branch" : "jroch-test-async-cancellation",
        "revision" : "59de4bed6ead42c4152927f09b80c9bf3a9662f8"
      }
    }
  ],
  "version" : 2
}
