{
  "pins" : [
    {
      "identity" : "swiftopenai",
      "kind" : "remoteSourceControl",
      "location" : "https://github.com/jamesrochabrun/SwiftOpenAI",
      "state" : {
        "branch" : "main",
        "revision" : "ea34f560518646ef963cdfbd93d50a98ac6cf430"
      }
    }
  ],
  "version" : 2
}
