{
  "pins" : [
    {
      "identity" : "swiftopenai",
      "kind" : "remoteSourceControl",
      "location" : "https://github.com/jamesrochabrun/SwiftOpenAI",
      "state" : {
        "branch" : "main",
        "revision" : "43c59f1506235df2dd06556dd5a7eac700a7efb7"
      }
    }
  ],
  "version" : 2
}
