{
  "pins" : [
    {
      "identity" : "swiftopenai",
      "kind" : "remoteSourceControl",
      "location" : "https://github.com/jamesrochabrun/SwiftOpenAI",
      "state" : {
        "branch" : "main",
        "revision" : "0071406492674efc3eed788a2fb8d95f3cca30b3"
      }
    }
  ],
  "version" : 2
}
