{
  "pins" : [
    {
      "identity" : "swiftopenai",
      "kind" : "remoteSourceControl",
      "location" : "https://github.com/jamesrochabrun/SwiftOpenAI",
      "state" : {
        "branch" : "main",
        "revision" : "d7db8b479dcc99b9f257718b709e72f37817e8e3"
      }
    }
  ],
  "version" : 2
}
