{
  "pins" : [
    {
      "identity" : "swiftopenai",
      "kind" : "remoteSourceControl",
      "location" : "https://github.com/jamesrochabrun/SwiftOpenAI",
      "state" : {
        "branch" : "main",
        "revision" : "b6a0de33ef34e554e29e58a51849c39972114542"
      }
    }
  ],
  "version" : 2
}
