{
  "pins" : [
    {
      "identity" : "async-http-client",
      "kind" : "remoteSourceControl",
      "location" : "https://github.com/swift-server/async-http-client.git",
      "state" : {
        "revision" : "333f51104b75d1a5b94cb3b99e4c58a3b442c9f7",
        "version" : "1.25.2"
      }
    },
    {
      "identity" : "swift-algorithms",
      "kind" : "remoteSourceControl",
      "location" : "https://github.com/apple/swift-algorithms.git",
      "state" : {
        "revision" : "87e50f483c54e6efd60e885f7f5aa946cee68023",
        "version" : "1.2.1"
      }
    },
    {
      "identity" : "swift-atomics",
      "kind" : "remoteSourceControl",
      "location" : "https://github.com/apple/swift-atomics.git",
      "state" : {
        "revision" : "cd142fd2f64be2100422d658e7411e39489da985",
        "version" : "1.2.0"
      }
    },
    {
      "identity" : "swift-collections",
      "kind" : "remoteSourceControl",
      "location" : "https://github.com/apple/swift-collections.git",
      "state" : {
        "revision" : "671108c96644956dddcd89dd59c203dcdb36cec7",
        "version" : "1.1.4"
      }
    },
    {
      "identity" : "swift-http-structured-headers",
      "kind" : "remoteSourceControl",
      "location" : "https://github.com/apple/swift-http-structured-headers.git",
      "state" : {
        "revision" : "f280fc7676b9940ff2c6598642751ea333c6544f",
        "version" : "1.2.2"
      }
    },
    {
      "identity" : "swift-http-types",
      "kind" : "remoteSourceControl",
      "location" : "https://github.com/apple/swift-http-types.git",
      "state" : {
        "revision" : "a0a57e949a8903563aba4615869310c0ebf14c03",
        "version" : "1.4.0"
      }
    },
    {
      "identity" : "swift-log",
      "kind" : "remoteSourceControl",
      "location" : "https://github.com/apple/swift-log.git",
      "state" : {
        "revision" : "3d8596ed08bd13520157f0355e35caed215ffbfa",
        "version" : "1.6.3"
      }
    },
    {
      "identity" : "swift-nio",
      "kind" : "remoteSourceControl",
      "location" : "https://github.com/apple/swift-nio.git",
      "state" : {
        "revision" : "0f54d58bb5db9e064f332e8524150de379d1e51c",
        "version" : "2.82.1"
      }
    },
    {
      "identity" : "swift-nio-extras",
      "kind" : "remoteSourceControl",
      "location" : "https://github.com/apple/swift-nio-extras.git",
      "state" : {
        "revision" : "f1f6f772198bee35d99dd145f1513d8581a54f2c",
        "version" : "1.26.0"
      }
    },
    {
      "identity" : "swift-nio-http2",
      "kind" : "remoteSourceControl",
      "location" : "https://github.com/apple/swift-nio-http2.git",
      "state" : {
        "revision" : "4281466512f63d1bd530e33f4aa6993ee7864be0",
        "version" : "1.36.0"
      }
    },
    {
      "identity" : "swift-nio-ssl",
      "kind" : "remoteSourceControl",
      "location" : "https://github.com/apple/swift-nio-ssl.git",
      "state" : {
        "revision" : "6df102a39c8da5fdc2eae29a0f63546d660866fc",
        "version" : "2.30.0"
      }
    },
    {
      "identity" : "swift-nio-transport-services",
      "kind" : "remoteSourceControl",
      "location" : "https://github.com/apple/swift-nio-transport-services.git",
      "state" : {
        "revision" : "cd1e89816d345d2523b11c55654570acd5cd4c56",
        "version" : "1.24.0"
      }
    },
    {
      "identity" : "swift-numerics",
      "kind" : "remoteSourceControl",
      "location" : "https://github.com/apple/swift-numerics.git",
      "state" : {
        "revision" : "e0ec0f5f3af6f3e4d5e7a19d2af26b481acb6ba8",
        "version" : "1.0.3"
      }
    },
    {
      "identity" : "swift-system",
      "kind" : "remoteSourceControl",
      "location" : "https://github.com/apple/swift-system.git",
      "state" : {
        "revision" : "a34201439c74b53f0fd71ef11741af7e7caf01e1",
        "version" : "1.4.2"
      }
    }
  ],
  "version" : 2
}
