// !$*UTF8*$!
{
	archiveVersion = 1;
	classes = {
	};
	objectVersion = 60;
	objects = {

/* Begin PBXBuildFile section */
		0DF957842BB53BEF00DD2013 /* ServiceSelectionView.swift in Sources */ = {isa = PBXBuildFile; fileRef = 0DF957832BB53BEF00DD2013 /* ServiceSelectionView.swift */; };
		0DF957862BB543F100DD2013 /* AIProxyIntroView.swift in Sources */ = {isa = PBXBuildFile; fileRef = 0DF957852BB543F100DD2013 /* AIProxyIntroView.swift */; };
		7B029E372C6893FD0025681A /* ChatStructuredOutputProvider.swift in Sources */ = {isa = PBXBuildFile; fileRef = 7B029E362C6893FD0025681A /* ChatStructuredOutputProvider.swift */; };
		7B029E392C68940D0025681A /* ChatStructuredOutputDemoView.swift in Sources */ = {isa = PBXBuildFile; fileRef = 7B029E382C68940D0025681A /* ChatStructuredOutputDemoView.swift */; };
		7B029E3C2C69BE990025681A /* ChatStructuredOutputToolProvider.swift in Sources */ = {isa = PBXBuildFile; fileRef = 7B029E3B2C69BE990025681A /* ChatStructuredOutputToolProvider.swift */; };
		7B029E3E2C69BEA70025681A /* ChatStructureOutputToolDemoView.swift in Sources */ = {isa = PBXBuildFile; fileRef = 7B029E3D2C69BEA70025681A /* ChatStructureOutputToolDemoView.swift */; };
		7B1268052B08246400400694 /* AssistantConfigurationDemoView.swift in Sources */ = {isa = PBXBuildFile; fileRef = 7B1268042B08246400400694 /* AssistantConfigurationDemoView.swift */; };
		7B1268072B08247C00400694 /* AssistantConfigurationProvider.swift in Sources */ = {isa = PBXBuildFile; fileRef = 7B1268062B08247C00400694 /* AssistantConfigurationProvider.swift */; };
		7B3DDCC52BAAA722004B5C96 /* AssistantsListDemoView.swift in Sources */ = {isa = PBXBuildFile; fileRef = 7B3DDCC42BAAA722004B5C96 /* AssistantsListDemoView.swift */; };
		7B3DDCC72BAAAD34004B5C96 /* AssistantThreadConfigurationProvider.swift in Sources */ = {isa = PBXBuildFile; fileRef = 7B3DDCC62BAAAD34004B5C96 /* AssistantThreadConfigurationProvider.swift */; };
		7B3DDCC92BAAAF96004B5C96 /* AssistantStreamDemoScreen.swift in Sources */ = {isa = PBXBuildFile; fileRef = 7B3DDCC82BAAAF96004B5C96 /* AssistantStreamDemoScreen.swift */; };
		7B413DFE2BB6846D009684CD /* ChatMessageLoadingView.swift in Sources */ = {isa = PBXBuildFile; fileRef = 7B413DFD2BB6846D009684CD /* ChatMessageLoadingView.swift */; };
		7B436B962AE24A04003CE281 /* OptionsListView.swift in Sources */ = {isa = PBXBuildFile; fileRef = 7B436B952AE24A04003CE281 /* OptionsListView.swift */; };
		7B436B992AE25052003CE281 /* ContentLoader.swift in Sources */ = {isa = PBXBuildFile; fileRef = 7B436B982AE25052003CE281 /* ContentLoader.swift */; };
		7B436B9B2AE25094003CE281 /* narcos.m4a in Resources */ = {isa = PBXBuildFile; fileRef = 7B436B9A2AE25093003CE281 /* narcos.m4a */; };
		7B436B9E2AE256BC003CE281 /* german.m4a in Resources */ = {isa = PBXBuildFile; fileRef = 7B436B9D2AE256BC003CE281 /* german.m4a */; };
		7B436BA12AE25958003CE281 /* ChatProvider.swift in Sources */ = {isa = PBXBuildFile; fileRef = 7B436BA02AE25958003CE281 /* ChatProvider.swift */; };
		7B436BA32AE25962003CE281 /* ChatDemoView.swift in Sources */ = {isa = PBXBuildFile; fileRef = 7B436BA22AE25962003CE281 /* ChatDemoView.swift */; };
		7B436BA62AE77F37003CE281 /* Embeddingsprovider.swift in Sources */ = {isa = PBXBuildFile; fileRef = 7B436BA52AE77F37003CE281 /* Embeddingsprovider.swift */; };
		7B436BA82AE77F41003CE281 /* EmbeddingsDemoView.swift in Sources */ = {isa = PBXBuildFile; fileRef = 7B436BA72AE77F41003CE281 /* EmbeddingsDemoView.swift */; };
		7B436BAB2AE788F1003CE281 /* FineTuningJobProvider.swift in Sources */ = {isa = PBXBuildFile; fileRef = 7B436BAA2AE788F1003CE281 /* FineTuningJobProvider.swift */; };
		7B436BAD2AE788FB003CE281 /* FineTuningJobDemoView.swift in Sources */ = {isa = PBXBuildFile; fileRef = 7B436BAC2AE788FB003CE281 /* FineTuningJobDemoView.swift */; };
		7B436BB02AE79369003CE281 /* FilesDemoView.swift in Sources */ = {isa = PBXBuildFile; fileRef = 7B436BAF2AE79369003CE281 /* FilesDemoView.swift */; };
		7B436BB22AE79370003CE281 /* FilesProvider.swift in Sources */ = {isa = PBXBuildFile; fileRef = 7B436BB12AE79370003CE281 /* FilesProvider.swift */; };
		7B436BB42AE79481003CE281 /* WorldCupData.jsonl in Resources */ = {isa = PBXBuildFile; fileRef = 7B436BB32AE79481003CE281 /* WorldCupData.jsonl */; };
		7B436BB72AE7A2EA003CE281 /* ImagesProvider.swift in Sources */ = {isa = PBXBuildFile; fileRef = 7B436BB62AE7A2EA003CE281 /* ImagesProvider.swift */; };
		7B436BB92AE7A2F2003CE281 /* ImagesDemoView.swift in Sources */ = {isa = PBXBuildFile; fileRef = 7B436BB82AE7A2F2003CE281 /* ImagesDemoView.swift */; };
		7B436BBC2AE7ABD3003CE281 /* ModelsProvider.swift in Sources */ = {isa = PBXBuildFile; fileRef = 7B436BBB2AE7ABD3003CE281 /* ModelsProvider.swift */; };
		7B436BBE2AE7ABDA003CE281 /* ModelsDemoView.swift in Sources */ = {isa = PBXBuildFile; fileRef = 7B436BBD2AE7ABDA003CE281 /* ModelsDemoView.swift */; };
		7B436BC12AE7B01F003CE281 /* ModerationProvider.swift in Sources */ = {isa = PBXBuildFile; fileRef = 7B436BC02AE7B01F003CE281 /* ModerationProvider.swift */; };
		7B436BC32AE7B027003CE281 /* ModerationDemoView.swift in Sources */ = {isa = PBXBuildFile; fileRef = 7B436BC22AE7B027003CE281 /* ModerationDemoView.swift */; };
		7B50DD282C2A9A390070A64D /* LocalHostEntryView.swift in Sources */ = {isa = PBXBuildFile; fileRef = 7B50DD272C2A9A390070A64D /* LocalHostEntryView.swift */; };
		7B50DD2B2C2A9D2F0070A64D /* LocalChatDemoView.swift in Sources */ = {isa = PBXBuildFile; fileRef = 7B50DD2A2C2A9D2F0070A64D /* LocalChatDemoView.swift */; };
		7B7239A02AF625F200646679 /* ChatFluidConversationProvider.swift in Sources */ = {isa = PBXBuildFile; fileRef = 7B72399F2AF625F200646679 /* ChatFluidConversationProvider.swift */; };
		7B7239A22AF6260D00646679 /* ChatDisplayMessage.swift in Sources */ = {isa = PBXBuildFile; fileRef = 7B7239A12AF6260D00646679 /* ChatDisplayMessage.swift */; };
		7B7239A42AF6289900646679 /* ChatStreamFluidConversationDemoView.swift in Sources */ = {isa = PBXBuildFile; fileRef = 7B7239A32AF6289900646679 /* ChatStreamFluidConversationDemoView.swift */; };
		7B7239A62AF628F800646679 /* ChatDisplayMessageView.swift in Sources */ = {isa = PBXBuildFile; fileRef = 7B7239A52AF628F800646679 /* ChatDisplayMessageView.swift */; };
		7B7239A82AF6292100646679 /* LoadingView.swift in Sources */ = {isa = PBXBuildFile; fileRef = 7B7239A72AF6292100646679 /* LoadingView.swift */; };
		7B7239AB2AF6294C00646679 /* URLImageView.swift in Sources */ = {isa = PBXBuildFile; fileRef = 7B7239AA2AF6294C00646679 /* URLImageView.swift */; };
		7B7239AE2AF9FF0000646679 /* ChatFunctionsCallStreamProvider.swift in Sources */ = {isa = PBXBuildFile; fileRef = 7B7239AD2AF9FF0000646679 /* ChatFunctionsCallStreamProvider.swift */; };
		7B7239B12AF9FF3C00646679 /* ChatFunctionsCalllStreamDemoView.swift in Sources */ = {isa = PBXBuildFile; fileRef = 7B7239B02AF9FF3C00646679 /* ChatFunctionsCalllStreamDemoView.swift */; };
		7B99C2E72C0718DE00E701B3 /* FilesPicker.swift in Sources */ = {isa = PBXBuildFile; fileRef = 7B99C2E62C0718DE00E701B3 /* FilesPicker.swift */; };
		7B99C2E92C0718FF00E701B3 /* FileAttachmentView.swift in Sources */ = {isa = PBXBuildFile; fileRef = 7B99C2E82C0718FF00E701B3 /* FileAttachmentView.swift */; };
		7B99C2EB2C07191200E701B3 /* AttachmentView.swift in Sources */ = {isa = PBXBuildFile; fileRef = 7B99C2EA2C07191200E701B3 /* AttachmentView.swift */; };
		7B99C2ED2C071B1600E701B3 /* FilesPickerProvider.swift in Sources */ = {isa = PBXBuildFile; fileRef = 7B99C2EC2C071B1600E701B3 /* FilesPickerProvider.swift */; };
		7BA788CD2AE23A48008825D5 /* SwiftOpenAIExampleApp.swift in Sources */ = {isa = PBXBuildFile; fileRef = 7BA788CC2AE23A48008825D5 /* SwiftOpenAIExampleApp.swift */; };
		7BA788CF2AE23A48008825D5 /* ApiKeyIntroView.swift in Sources */ = {isa = PBXBuildFile; fileRef = 7BA788CE2AE23A48008825D5 /* ApiKeyIntroView.swift */; };
		7BA788D12AE23A49008825D5 /* Assets.xcassets in Resources */ = {isa = PBXBuildFile; fileRef = 7BA788D02AE23A49008825D5 /* Assets.xcassets */; };
		7BA788D52AE23A49008825D5 /* Preview Assets.xcassets in Resources */ = {isa = PBXBuildFile; fileRef = 7BA788D42AE23A49008825D5 /* Preview Assets.xcassets */; };
		7BA788E92AE23A49008825D5 /* SwiftOpenAIExampleUITests.swift in Sources */ = {isa = PBXBuildFile; fileRef = 7BA788E82AE23A49008825D5 /* SwiftOpenAIExampleUITests.swift */; };
		7BA788EB2AE23A49008825D5 /* SwiftOpenAIExampleUITestsLaunchTests.swift in Sources */ = {isa = PBXBuildFile; fileRef = 7BA788EA2AE23A49008825D5 /* SwiftOpenAIExampleUITestsLaunchTests.swift */; };
		7BA788FC2AE23B42008825D5 /* AudioDemoView.swift in Sources */ = {isa = PBXBuildFile; fileRef = 7BA788FB2AE23B42008825D5 /* AudioDemoView.swift */; };
		7BA788FE2AE23B95008825D5 /* AudioProvider.swift in Sources */ = {isa = PBXBuildFile; fileRef = 7BA788FD2AE23B95008825D5 /* AudioProvider.swift */; };
		7BBE7E912AFCA52A0096A693 /* ChatVisionDemoView.swift in Sources */ = {isa = PBXBuildFile; fileRef = 7BBE7E902AFCA52A0096A693 /* ChatVisionDemoView.swift */; };
		7BBE7E942AFCC9640096A693 /* ChatVisionProvider.swift in Sources */ = {isa = PBXBuildFile; fileRef = 7BBE7E932AFCC9640096A693 /* ChatVisionProvider.swift */; };
		7BBE7EA52B02E8A70096A693 /* Sizes.swift in Sources */ = {isa = PBXBuildFile; fileRef = 7BBE7EA42B02E8A70096A693 /* Sizes.swift */; };
		7BBE7EA72B02E8AC0096A693 /* ThemeColor.swift in Sources */ = {isa = PBXBuildFile; fileRef = 7BBE7EA62B02E8AC0096A693 /* ThemeColor.swift */; };
		7BBE7EA92B02E8E50096A693 /* ChatMessageView.swift in Sources */ = {isa = PBXBuildFile; fileRef = 7BBE7EA82B02E8E50096A693 /* ChatMessageView.swift */; };
		7BBE7EAB2B02E8FC0096A693 /* ChatMessageDisplayModel.swift in Sources */ = {isa = PBXBuildFile; fileRef = 7BBE7EAA2B02E8FC0096A693 /* ChatMessageDisplayModel.swift */; };
		7BBE7EDE2B03718E0096A693 /* ChatFunctionCallProvider.swift in Sources */ = {isa = PBXBuildFile; fileRef = 7BBE7EDD2B03718E0096A693 /* ChatFunctionCallProvider.swift */; };
		7BBE7EE02B0372550096A693 /* ChatFunctionCallDemoView.swift in Sources */ = {isa = PBXBuildFile; fileRef = 7BBE7EDF2B0372550096A693 /* ChatFunctionCallDemoView.swift */; };
		7BE802592D2878170080E06A /* ChatPredictedOutputDemoView.swift in Sources */ = {isa = PBXBuildFile; fileRef = 7BE802582D2878170080E06A /* ChatPredictedOutputDemoView.swift */; };
		7BE9A5AF2B0B33E600CE8103 /* SwiftOpenAIExampleTests.swift in Sources */ = {isa = PBXBuildFile; fileRef = 7BA788DE2AE23A49008825D5 /* SwiftOpenAIExampleTests.swift */; };
		CE218B7E2D50F80F00FEE2BA /* SwiftOpenAI in Frameworks */ = {isa = PBXBuildFile; productRef = CE218B7D2D50F80F00FEE2BA /* SwiftOpenAI */; };
/* End PBXBuildFile section */

/* Begin PBXContainerItemProxy section */
		7BA788DB2AE23A49008825D5 /* PBXContainerItemProxy */ = {
			isa = PBXContainerItemProxy;
			containerPortal = 7BA788C12AE23A48008825D5 /* Project object */;
			proxyType = 1;
			remoteGlobalIDString = 7BA788C82AE23A48008825D5;
			remoteInfo = SwiftOpenAIExample;
		};
		7BA788E52AE23A49008825D5 /* PBXContainerItemProxy */ = {
			isa = PBXContainerItemProxy;
			containerPortal = 7BA788C12AE23A48008825D5 /* Project object */;
			proxyType = 1;
			remoteGlobalIDString = 7BA788C82AE23A48008825D5;
			remoteInfo = SwiftOpenAIExample;
		};
/* End PBXContainerItemProxy section */

/* Begin PBXFileReference section */
		0DF957832BB53BEF00DD2013 /* ServiceSelectionView.swift */ = {isa = PBXFileReference; lastKnownFileType = sourcecode.swift; path = ServiceSelectionView.swift; sourceTree = "<group>"; };
		0DF957852BB543F100DD2013 /* AIProxyIntroView.swift */ = {isa = PBXFileReference; lastKnownFileType = sourcecode.swift; path = AIProxyIntroView.swift; sourceTree = "<group>"; };
		7B029E362C6893FD0025681A /* ChatStructuredOutputProvider.swift */ = {isa = PBXFileReference; lastKnownFileType = sourcecode.swift; path = ChatStructuredOutputProvider.swift; sourceTree = "<group>"; };
		7B029E382C68940D0025681A /* ChatStructuredOutputDemoView.swift */ = {isa = PBXFileReference; lastKnownFileType = sourcecode.swift; path = ChatStructuredOutputDemoView.swift; sourceTree = "<group>"; };
		7B029E3B2C69BE990025681A /* ChatStructuredOutputToolProvider.swift */ = {isa = PBXFileReference; lastKnownFileType = sourcecode.swift; path = ChatStructuredOutputToolProvider.swift; sourceTree = "<group>"; };
		7B029E3D2C69BEA70025681A /* ChatStructureOutputToolDemoView.swift */ = {isa = PBXFileReference; lastKnownFileType = sourcecode.swift; path = ChatStructureOutputToolDemoView.swift; sourceTree = "<group>"; };
		7B1268042B08246400400694 /* AssistantConfigurationDemoView.swift */ = {isa = PBXFileReference; lastKnownFileType = sourcecode.swift; path = AssistantConfigurationDemoView.swift; sourceTree = "<group>"; };
		7B1268062B08247C00400694 /* AssistantConfigurationProvider.swift */ = {isa = PBXFileReference; lastKnownFileType = sourcecode.swift; path = AssistantConfigurationProvider.swift; sourceTree = "<group>"; };
		7B3DDCC42BAAA722004B5C96 /* AssistantsListDemoView.swift */ = {isa = PBXFileReference; lastKnownFileType = sourcecode.swift; path = AssistantsListDemoView.swift; sourceTree = "<group>"; };
		7B3DDCC62BAAAD34004B5C96 /* AssistantThreadConfigurationProvider.swift */ = {isa = PBXFileReference; lastKnownFileType = sourcecode.swift; path = AssistantThreadConfigurationProvider.swift; sourceTree = "<group>"; };
		7B3DDCC82BAAAF96004B5C96 /* AssistantStreamDemoScreen.swift */ = {isa = PBXFileReference; lastKnownFileType = sourcecode.swift; path = AssistantStreamDemoScreen.swift; sourceTree = "<group>"; };
		7B413DFD2BB6846D009684CD /* ChatMessageLoadingView.swift */ = {isa = PBXFileReference; fileEncoding = 4; lastKnownFileType = sourcecode.swift; path = ChatMessageLoadingView.swift; sourceTree = "<group>"; };
		7B436B952AE24A04003CE281 /* OptionsListView.swift */ = {isa = PBXFileReference; lastKnownFileType = sourcecode.swift; path = OptionsListView.swift; sourceTree = "<group>"; };
		7B436B982AE25052003CE281 /* ContentLoader.swift */ = {isa = PBXFileReference; lastKnownFileType = sourcecode.swift; path = ContentLoader.swift; sourceTree = "<group>"; };
		7B436B9A2AE25093003CE281 /* narcos.m4a */ = {isa = PBXFileReference; lastKnownFileType = file; path = narcos.m4a; sourceTree = "<group>"; };
		7B436B9D2AE256BC003CE281 /* german.m4a */ = {isa = PBXFileReference; lastKnownFileType = file; path = german.m4a; sourceTree = "<group>"; };
		7B436BA02AE25958003CE281 /* ChatProvider.swift */ = {isa = PBXFileReference; lastKnownFileType = sourcecode.swift; path = ChatProvider.swift; sourceTree = "<group>"; };
		7B436BA22AE25962003CE281 /* ChatDemoView.swift */ = {isa = PBXFileReference; lastKnownFileType = sourcecode.swift; path = ChatDemoView.swift; sourceTree = "<group>"; };
		7B436BA52AE77F37003CE281 /* Embeddingsprovider.swift */ = {isa = PBXFileReference; lastKnownFileType = sourcecode.swift; path = Embeddingsprovider.swift; sourceTree = "<group>"; };
		7B436BA72AE77F41003CE281 /* EmbeddingsDemoView.swift */ = {isa = PBXFileReference; lastKnownFileType = sourcecode.swift; path = EmbeddingsDemoView.swift; sourceTree = "<group>"; };
		7B436BAA2AE788F1003CE281 /* FineTuningJobProvider.swift */ = {isa = PBXFileReference; lastKnownFileType = sourcecode.swift; path = FineTuningJobProvider.swift; sourceTree = "<group>"; };
		7B436BAC2AE788FB003CE281 /* FineTuningJobDemoView.swift */ = {isa = PBXFileReference; lastKnownFileType = sourcecode.swift; path = FineTuningJobDemoView.swift; sourceTree = "<group>"; };
		7B436BAF2AE79369003CE281 /* FilesDemoView.swift */ = {isa = PBXFileReference; lastKnownFileType = sourcecode.swift; path = FilesDemoView.swift; sourceTree = "<group>"; };
		7B436BB12AE79370003CE281 /* FilesProvider.swift */ = {isa = PBXFileReference; lastKnownFileType = sourcecode.swift; path = FilesProvider.swift; sourceTree = "<group>"; };
		7B436BB32AE79481003CE281 /* WorldCupData.jsonl */ = {isa = PBXFileReference; lastKnownFileType = text; path = WorldCupData.jsonl; sourceTree = "<group>"; };
		7B436BB62AE7A2EA003CE281 /* ImagesProvider.swift */ = {isa = PBXFileReference; lastKnownFileType = sourcecode.swift; path = ImagesProvider.swift; sourceTree = "<group>"; };
		7B436BB82AE7A2F2003CE281 /* ImagesDemoView.swift */ = {isa = PBXFileReference; lastKnownFileType = sourcecode.swift; path = ImagesDemoView.swift; sourceTree = "<group>"; };
		7B436BBB2AE7ABD3003CE281 /* ModelsProvider.swift */ = {isa = PBXFileReference; lastKnownFileType = sourcecode.swift; path = ModelsProvider.swift; sourceTree = "<group>"; };
		7B436BBD2AE7ABDA003CE281 /* ModelsDemoView.swift */ = {isa = PBXFileReference; lastKnownFileType = sourcecode.swift; path = ModelsDemoView.swift; sourceTree = "<group>"; };
		7B436BC02AE7B01F003CE281 /* ModerationProvider.swift */ = {isa = PBXFileReference; lastKnownFileType = sourcecode.swift; path = ModerationProvider.swift; sourceTree = "<group>"; };
		7B436BC22AE7B027003CE281 /* ModerationDemoView.swift */ = {isa = PBXFileReference; lastKnownFileType = sourcecode.swift; path = ModerationDemoView.swift; sourceTree = "<group>"; };
		7B50DD272C2A9A390070A64D /* LocalHostEntryView.swift */ = {isa = PBXFileReference; lastKnownFileType = sourcecode.swift; path = LocalHostEntryView.swift; sourceTree = "<group>"; };
		7B50DD2A2C2A9D2F0070A64D /* LocalChatDemoView.swift */ = {isa = PBXFileReference; lastKnownFileType = sourcecode.swift; path = LocalChatDemoView.swift; sourceTree = "<group>"; };
		7B72399F2AF625F200646679 /* ChatFluidConversationProvider.swift */ = {isa = PBXFileReference; lastKnownFileType = sourcecode.swift; path = ChatFluidConversationProvider.swift; sourceTree = "<group>"; };
		7B7239A12AF6260D00646679 /* ChatDisplayMessage.swift */ = {isa = PBXFileReference; lastKnownFileType = sourcecode.swift; path = ChatDisplayMessage.swift; sourceTree = "<group>"; };
		7B7239A32AF6289900646679 /* ChatStreamFluidConversationDemoView.swift */ = {isa = PBXFileReference; lastKnownFileType = sourcecode.swift; path = ChatStreamFluidConversationDemoView.swift; sourceTree = "<group>"; };
		7B7239A52AF628F800646679 /* ChatDisplayMessageView.swift */ = {isa = PBXFileReference; lastKnownFileType = sourcecode.swift; path = ChatDisplayMessageView.swift; sourceTree = "<group>"; };
		7B7239A72AF6292100646679 /* LoadingView.swift */ = {isa = PBXFileReference; lastKnownFileType = sourcecode.swift; path = LoadingView.swift; sourceTree = "<group>"; };
		7B7239AA2AF6294C00646679 /* URLImageView.swift */ = {isa = PBXFileReference; lastKnownFileType = sourcecode.swift; path = URLImageView.swift; sourceTree = "<group>"; };
		7B7239AD2AF9FF0000646679 /* ChatFunctionsCallStreamProvider.swift */ = {isa = PBXFileReference; lastKnownFileType = sourcecode.swift; path = ChatFunctionsCallStreamProvider.swift; sourceTree = "<group>"; };
		7B7239B02AF9FF3C00646679 /* ChatFunctionsCalllStreamDemoView.swift */ = {isa = PBXFileReference; lastKnownFileType = sourcecode.swift; path = ChatFunctionsCalllStreamDemoView.swift; sourceTree = "<group>"; };
		7B99C2E62C0718DE00E701B3 /* FilesPicker.swift */ = {isa = PBXFileReference; lastKnownFileType = sourcecode.swift; path = FilesPicker.swift; sourceTree = "<group>"; };
		7B99C2E82C0718FF00E701B3 /* FileAttachmentView.swift */ = {isa = PBXFileReference; lastKnownFileType = sourcecode.swift; path = FileAttachmentView.swift; sourceTree = "<group>"; };
		7B99C2EA2C07191200E701B3 /* AttachmentView.swift */ = {isa = PBXFileReference; lastKnownFileType = sourcecode.swift; path = AttachmentView.swift; sourceTree = "<group>"; };
		7B99C2EC2C071B1600E701B3 /* FilesPickerProvider.swift */ = {isa = PBXFileReference; lastKnownFileType = sourcecode.swift; path = FilesPickerProvider.swift; sourceTree = "<group>"; };
		7BA788C92AE23A48008825D5 /* SwiftOpenAIExample.app */ = {isa = PBXFileReference; explicitFileType = wrapper.application; includeInIndex = 0; path = SwiftOpenAIExample.app; sourceTree = BUILT_PRODUCTS_DIR; };
		7BA788CC2AE23A48008825D5 /* SwiftOpenAIExampleApp.swift */ = {isa = PBXFileReference; lastKnownFileType = sourcecode.swift; path = SwiftOpenAIExampleApp.swift; sourceTree = "<group>"; };
		7BA788CE2AE23A48008825D5 /* ApiKeyIntroView.swift */ = {isa = PBXFileReference; lastKnownFileType = sourcecode.swift; path = ApiKeyIntroView.swift; sourceTree = "<group>"; };
		7BA788D02AE23A49008825D5 /* Assets.xcassets */ = {isa = PBXFileReference; lastKnownFileType = folder.assetcatalog; path = Assets.xcassets; sourceTree = "<group>"; };
		7BA788D22AE23A49008825D5 /* SwiftOpenAIExample.entitlements */ = {isa = PBXFileReference; lastKnownFileType = text.plist.entitlements; path = SwiftOpenAIExample.entitlements; sourceTree = "<group>"; };
		7BA788D42AE23A49008825D5 /* Preview Assets.xcassets */ = {isa = PBXFileReference; lastKnownFileType = folder.assetcatalog; path = "Preview Assets.xcassets"; sourceTree = "<group>"; };
		7BA788DA2AE23A49008825D5 /* SwiftOpenAIExampleTests.xctest */ = {isa = PBXFileReference; explicitFileType = wrapper.cfbundle; includeInIndex = 0; path = SwiftOpenAIExampleTests.xctest; sourceTree = BUILT_PRODUCTS_DIR; };
		7BA788DE2AE23A49008825D5 /* SwiftOpenAIExampleTests.swift */ = {isa = PBXFileReference; lastKnownFileType = sourcecode.swift; path = SwiftOpenAIExampleTests.swift; sourceTree = "<group>"; };
		7BA788E42AE23A49008825D5 /* SwiftOpenAIExampleUITests.xctest */ = {isa = PBXFileReference; explicitFileType = wrapper.cfbundle; includeInIndex = 0; path = SwiftOpenAIExampleUITests.xctest; sourceTree = BUILT_PRODUCTS_DIR; };
		7BA788E82AE23A49008825D5 /* SwiftOpenAIExampleUITests.swift */ = {isa = PBXFileReference; lastKnownFileType = sourcecode.swift; path = SwiftOpenAIExampleUITests.swift; sourceTree = "<group>"; };
		7BA788EA2AE23A49008825D5 /* SwiftOpenAIExampleUITestsLaunchTests.swift */ = {isa = PBXFileReference; lastKnownFileType = sourcecode.swift; path = SwiftOpenAIExampleUITestsLaunchTests.swift; sourceTree = "<group>"; };
		7BA788FB2AE23B42008825D5 /* AudioDemoView.swift */ = {isa = PBXFileReference; lastKnownFileType = sourcecode.swift; path = AudioDemoView.swift; sourceTree = "<group>"; };
		7BA788FD2AE23B95008825D5 /* AudioProvider.swift */ = {isa = PBXFileReference; lastKnownFileType = sourcecode.swift; path = AudioProvider.swift; sourceTree = "<group>"; };
		7BBE7E902AFCA52A0096A693 /* ChatVisionDemoView.swift */ = {isa = PBXFileReference; lastKnownFileType = sourcecode.swift; path = ChatVisionDemoView.swift; sourceTree = "<group>"; };
		7BBE7E932AFCC9640096A693 /* ChatVisionProvider.swift */ = {isa = PBXFileReference; lastKnownFileType = sourcecode.swift; path = ChatVisionProvider.swift; sourceTree = "<group>"; };
		7BBE7EA42B02E8A70096A693 /* Sizes.swift */ = {isa = PBXFileReference; lastKnownFileType = sourcecode.swift; path = Sizes.swift; sourceTree = "<group>"; };
		7BBE7EA62B02E8AC0096A693 /* ThemeColor.swift */ = {isa = PBXFileReference; lastKnownFileType = sourcecode.swift; path = ThemeColor.swift; sourceTree = "<group>"; };
		7BBE7EA82B02E8E50096A693 /* ChatMessageView.swift */ = {isa = PBXFileReference; lastKnownFileType = sourcecode.swift; path = ChatMessageView.swift; sourceTree = "<group>"; };
		7BBE7EAA2B02E8FC0096A693 /* ChatMessageDisplayModel.swift */ = {isa = PBXFileReference; lastKnownFileType = sourcecode.swift; path = ChatMessageDisplayModel.swift; sourceTree = "<group>"; };
		7BBE7EDD2B03718E0096A693 /* ChatFunctionCallProvider.swift */ = {isa = PBXFileReference; lastKnownFileType = sourcecode.swift; path = ChatFunctionCallProvider.swift; sourceTree = "<group>"; };
		7BBE7EDF2B0372550096A693 /* ChatFunctionCallDemoView.swift */ = {isa = PBXFileReference; lastKnownFileType = sourcecode.swift; path = ChatFunctionCallDemoView.swift; sourceTree = "<group>"; };
		7BE802582D2878170080E06A /* ChatPredictedOutputDemoView.swift */ = {isa = PBXFileReference; lastKnownFileType = sourcecode.swift; path = ChatPredictedOutputDemoView.swift; sourceTree = "<group>"; };
		CE218B752D50F71400FEE2BA /* Package.swift */ = {isa = PBXFileReference; lastKnownFileType = sourcecode.swift; name = Package.swift; path = ../../Package.swift; sourceTree = "<group>"; };
		CE218B772D50F72A00FEE2BA /* SwiftOpenAI */ = {isa = PBXFileReference; lastKnownFileType = wrapper; name = SwiftOpenAI; path = ../..; sourceTree = "<group>"; };
/* End PBXFileReference section */

/* Begin PBXFrameworksBuildPhase section */
		7BA788C62AE23A48008825D5 /* Frameworks */ = {
			isa = PBXFrameworksBuildPhase;
			buildActionMask = 2147483647;
			files = (
				CE218B7E2D50F80F00FEE2BA /* SwiftOpenAI in Frameworks */,
			);
			runOnlyForDeploymentPostprocessing = 0;
		};
		7BA788D72AE23A49008825D5 /* Frameworks */ = {
			isa = PBXFrameworksBuildPhase;
			buildActionMask = 2147483647;
			files = (
			);
			runOnlyForDeploymentPostprocessing = 0;
		};
		7BA788E12AE23A49008825D5 /* Frameworks */ = {
			isa = PBXFrameworksBuildPhase;
			buildActionMask = 2147483647;
			files = (
			);
			runOnlyForDeploymentPostprocessing = 0;
		};
/* End PBXFrameworksBuildPhase section */

/* Begin PBXGroup section */
		7B029E352C6893BF0025681A /* ChatStructuredOutputs */ = {
			isa = PBXGroup;
			children = (
				7B029E362C6893FD0025681A /* ChatStructuredOutputProvider.swift */,
				7B029E382C68940D0025681A /* ChatStructuredOutputDemoView.swift */,
			);
			path = ChatStructuredOutputs;
			sourceTree = "<group>";
		};
		7B029E3A2C69BE750025681A /* ChatStructureOutputTool */ = {
			isa = PBXGroup;
			children = (
				7B029E3B2C69BE990025681A /* ChatStructuredOutputToolProvider.swift */,
				7B029E3D2C69BEA70025681A /* ChatStructureOutputToolDemoView.swift */,
			);
			path = ChatStructureOutputTool;
			sourceTree = "<group>";
		};
		7B1268032B08241200400694 /* Assistants */ = {
			isa = PBXGroup;
			children = (
				7B1268042B08246400400694 /* AssistantConfigurationDemoView.swift */,
				7B1268062B08247C00400694 /* AssistantConfigurationProvider.swift */,
				7B3DDCC42BAAA722004B5C96 /* AssistantsListDemoView.swift */,
				7B3DDCC62BAAAD34004B5C96 /* AssistantThreadConfigurationProvider.swift */,
				7B3DDCC82BAAAF96004B5C96 /* AssistantStreamDemoScreen.swift */,
			);
			path = Assistants;
			sourceTree = "<group>";
		};
		7B436B972AE25045003CE281 /* Utilities */ = {
			isa = PBXGroup;
			children = (
				7B436B982AE25052003CE281 /* ContentLoader.swift */,
			);
			path = Utilities;
			sourceTree = "<group>";
		};
		7B436B9C2AE2515C003CE281 /* Resources */ = {
			isa = PBXGroup;
			children = (
				7B436B9D2AE256BC003CE281 /* german.m4a */,
				7B436B9A2AE25093003CE281 /* narcos.m4a */,
				7B436BB32AE79481003CE281 /* WorldCupData.jsonl */,
			);
			path = Resources;
			sourceTree = "<group>";
		};
		7B436B9F2AE2593D003CE281 /* ChatDemo */ = {
			isa = PBXGroup;
			children = (
				7B436BA02AE25958003CE281 /* ChatProvider.swift */,
				7B436BA22AE25962003CE281 /* ChatDemoView.swift */,
			);
			path = ChatDemo;
			sourceTree = "<group>";
		};
		7B436BA42AE77EF9003CE281 /* EmbeddingsDemo */ = {
			isa = PBXGroup;
			children = (
				7B436BA52AE77F37003CE281 /* Embeddingsprovider.swift */,
				7B436BA72AE77F41003CE281 /* EmbeddingsDemoView.swift */,
			);
			path = EmbeddingsDemo;
			sourceTree = "<group>";
		};
		7B436BA92AE788CA003CE281 /* FineTuningDemo */ = {
			isa = PBXGroup;
			children = (
				7B436BAA2AE788F1003CE281 /* FineTuningJobProvider.swift */,
				7B436BAC2AE788FB003CE281 /* FineTuningJobDemoView.swift */,
			);
			path = FineTuningDemo;
			sourceTree = "<group>";
		};
		7B436BAE2AE7935C003CE281 /* FilesDemo */ = {
			isa = PBXGroup;
			children = (
				7B436BAF2AE79369003CE281 /* FilesDemoView.swift */,
				7B436BB12AE79370003CE281 /* FilesProvider.swift */,
			);
			path = FilesDemo;
			sourceTree = "<group>";
		};
		7B436BB52AE7A2DA003CE281 /* ImagesDemo */ = {
			isa = PBXGroup;
			children = (
				7B436BB62AE7A2EA003CE281 /* ImagesProvider.swift */,
				7B436BB82AE7A2F2003CE281 /* ImagesDemoView.swift */,
			);
			path = ImagesDemo;
			sourceTree = "<group>";
		};
		7B436BBA2AE7ABC4003CE281 /* ModelsDemo */ = {
			isa = PBXGroup;
			children = (
				7B436BBB2AE7ABD3003CE281 /* ModelsProvider.swift */,
				7B436BBD2AE7ABDA003CE281 /* ModelsDemoView.swift */,
			);
			path = ModelsDemo;
			sourceTree = "<group>";
		};
		7B436BBF2AE7B003003CE281 /* ModerationsDemo */ = {
			isa = PBXGroup;
			children = (
				7B436BC02AE7B01F003CE281 /* ModerationProvider.swift */,
				7B436BC22AE7B027003CE281 /* ModerationDemoView.swift */,
			);
			path = ModerationsDemo;
			sourceTree = "<group>";
		};
		7B50DD292C2A9D1D0070A64D /* LocalChatDemo */ = {
			isa = PBXGroup;
			children = (
				7B50DD2A2C2A9D2F0070A64D /* LocalChatDemoView.swift */,
			);
			path = LocalChatDemo;
			sourceTree = "<group>";
		};
		7B72399E2AF625B700646679 /* ChatStreamFluidConversationDemo */ = {
			isa = PBXGroup;
			children = (
				7B72399F2AF625F200646679 /* ChatFluidConversationProvider.swift */,
				7B7239A32AF6289900646679 /* ChatStreamFluidConversationDemoView.swift */,
			);
			path = ChatStreamFluidConversationDemo;
			sourceTree = "<group>";
		};
		7B7239A92AF6294200646679 /* SharedUI */ = {
			isa = PBXGroup;
			children = (
				7BBE7EA32B02E89B0096A693 /* Theme */,
				7B7239A72AF6292100646679 /* LoadingView.swift */,
				7B7239AA2AF6294C00646679 /* URLImageView.swift */,
				7B7239A52AF628F800646679 /* ChatDisplayMessageView.swift */,
				7B413DFD2BB6846D009684CD /* ChatMessageLoadingView.swift */,
			);
			path = SharedUI;
			sourceTree = "<group>";
		};
		7B7239AC2AF9FEC300646679 /* ChatFunctionsCall */ = {
			isa = PBXGroup;
			children = (
				7BBE7EDC2B0371670096A693 /* Completion */,
				7BBE7EDB2B0370E60096A693 /* Stream */,
				7BBE7EAA2B02E8FC0096A693 /* ChatMessageDisplayModel.swift */,
				7BBE7EA82B02E8E50096A693 /* ChatMessageView.swift */,
			);
			path = ChatFunctionsCall;
			sourceTree = "<group>";
		};
		7B7239AF2AF9FF1D00646679 /* SharedModels */ = {
			isa = PBXGroup;
			children = (
				7B7239A12AF6260D00646679 /* ChatDisplayMessage.swift */,
			);
			path = SharedModels;
			sourceTree = "<group>";
		};
		7B99C2E52C0718CD00E701B3 /* Files */ = {
			isa = PBXGroup;
			children = (
				7B99C2E62C0718DE00E701B3 /* FilesPicker.swift */,
				7B99C2E82C0718FF00E701B3 /* FileAttachmentView.swift */,
				7B99C2EA2C07191200E701B3 /* AttachmentView.swift */,
				7B99C2EC2C071B1600E701B3 /* FilesPickerProvider.swift */,
			);
			path = Files;
			sourceTree = "<group>";
		};
		7BA788C02AE23A48008825D5 = {
			isa = PBXGroup;
			children = (
				7BA788CB2AE23A48008825D5 /* SwiftOpenAIExample */,
				7BA788DD2AE23A49008825D5 /* SwiftOpenAIExampleTests */,
				7BA788E72AE23A49008825D5 /* SwiftOpenAIExampleUITests */,
				CE218B742D50F71400FEE2BA /* Frameworks */,
				7BA788CA2AE23A48008825D5 /* Products */,
			);
			sourceTree = "<group>";
		};
		7BA788CA2AE23A48008825D5 /* Products */ = {
			isa = PBXGroup;
			children = (
				7BA788C92AE23A48008825D5 /* SwiftOpenAIExample.app */,
				7BA788DA2AE23A49008825D5 /* SwiftOpenAIExampleTests.xctest */,
				7BA788E42AE23A49008825D5 /* SwiftOpenAIExampleUITests.xctest */,
			);
			name = Products;
			sourceTree = "<group>";
		};
		7BA788CB2AE23A48008825D5 /* SwiftOpenAIExample */ = {
			isa = PBXGroup;
			children = (
				7BA788CC2AE23A48008825D5 /* SwiftOpenAIExampleApp.swift */,
				7BE802572D2877D30080E06A /* PredictedOutputsDemo */,
				7B50DD292C2A9D1D0070A64D /* LocalChatDemo */,
				7B99C2E52C0718CD00E701B3 /* Files */,
				7B7239AF2AF9FF1D00646679 /* SharedModels */,
				7B7239A92AF6294200646679 /* SharedUI */,
				7B1268032B08241200400694 /* Assistants */,
				7BA788FA2AE23B27008825D5 /* AudioDemo */,
				7B436B9F2AE2593D003CE281 /* ChatDemo */,
				7B7239AC2AF9FEC300646679 /* ChatFunctionsCall */,
				7B029E352C6893BF0025681A /* ChatStructuredOutputs */,
				7B029E3A2C69BE750025681A /* ChatStructureOutputTool */,
				7B72399E2AF625B700646679 /* ChatStreamFluidConversationDemo */,
				7B436BA42AE77EF9003CE281 /* EmbeddingsDemo */,
				7B436BA92AE788CA003CE281 /* FineTuningDemo */,
				7B436BAE2AE7935C003CE281 /* FilesDemo */,
				7B436BB52AE7A2DA003CE281 /* ImagesDemo */,
				7B436BBA2AE7ABC4003CE281 /* ModelsDemo */,
				7B436BBF2AE7B003003CE281 /* ModerationsDemo */,
				7B436B9C2AE2515C003CE281 /* Resources */,
				7B436B972AE25045003CE281 /* Utilities */,
				7BBE7E922AFCC9300096A693 /* Vision */,
				7BA788CE2AE23A48008825D5 /* ApiKeyIntroView.swift */,
				7B50DD272C2A9A390070A64D /* LocalHostEntryView.swift */,
				0DF957852BB543F100DD2013 /* AIProxyIntroView.swift */,
				7B436B952AE24A04003CE281 /* OptionsListView.swift */,
				0DF957832BB53BEF00DD2013 /* ServiceSelectionView.swift */,
				7BA788D02AE23A49008825D5 /* Assets.xcassets */,
				7BA788D22AE23A49008825D5 /* SwiftOpenAIExample.entitlements */,
				7BA788D32AE23A49008825D5 /* Preview Content */,
			);
			path = SwiftOpenAIExample;
			sourceTree = "<group>";
		};
		7BA788D32AE23A49008825D5 /* Preview Content */ = {
			isa = PBXGroup;
			children = (
				7BA788D42AE23A49008825D5 /* Preview Assets.xcassets */,
			);
			path = "Preview Content";
			sourceTree = "<group>";
		};
		7BA788DD2AE23A49008825D5 /* SwiftOpenAIExampleTests */ = {
			isa = PBXGroup;
			children = (
				7BA788DE2AE23A49008825D5 /* SwiftOpenAIExampleTests.swift */,
			);
			path = SwiftOpenAIExampleTests;
			sourceTree = "<group>";
		};
		7BA788E72AE23A49008825D5 /* SwiftOpenAIExampleUITests */ = {
			isa = PBXGroup;
			children = (
				7BA788E82AE23A49008825D5 /* SwiftOpenAIExampleUITests.swift */,
				7BA788EA2AE23A49008825D5 /* SwiftOpenAIExampleUITestsLaunchTests.swift */,
			);
			path = SwiftOpenAIExampleUITests;
			sourceTree = "<group>";
		};
		7BA788FA2AE23B27008825D5 /* AudioDemo */ = {
			isa = PBXGroup;
			children = (
				7BA788FB2AE23B42008825D5 /* AudioDemoView.swift */,
				7BA788FD2AE23B95008825D5 /* AudioProvider.swift */,
			);
			path = AudioDemo;
			sourceTree = "<group>";
		};
		7BBE7E922AFCC9300096A693 /* Vision */ = {
			isa = PBXGroup;
			children = (
				7BBE7E902AFCA52A0096A693 /* ChatVisionDemoView.swift */,
				7BBE7E932AFCC9640096A693 /* ChatVisionProvider.swift */,
			);
			path = Vision;
			sourceTree = "<group>";
		};
		7BBE7EA32B02E89B0096A693 /* Theme */ = {
			isa = PBXGroup;
			children = (
				7BBE7EA42B02E8A70096A693 /* Sizes.swift */,
				7BBE7EA62B02E8AC0096A693 /* ThemeColor.swift */,
			);
			path = Theme;
			sourceTree = "<group>";
		};
		7BBE7EDB2B0370E60096A693 /* Stream */ = {
			isa = PBXGroup;
			children = (
				7B7239AD2AF9FF0000646679 /* ChatFunctionsCallStreamProvider.swift */,
				7B7239B02AF9FF3C00646679 /* ChatFunctionsCalllStreamDemoView.swift */,
			);
			path = Stream;
			sourceTree = "<group>";
		};
		7BBE7EDC2B0371670096A693 /* Completion */ = {
			isa = PBXGroup;
			children = (
				7BBE7EDD2B03718E0096A693 /* ChatFunctionCallProvider.swift */,
				7BBE7EDF2B0372550096A693 /* ChatFunctionCallDemoView.swift */,
			);
			path = Completion;
			sourceTree = "<group>";
		};
		7BE802572D2877D30080E06A /* PredictedOutputsDemo */ = {
			isa = PBXGroup;
			children = (
				7BE802582D2878170080E06A /* ChatPredictedOutputDemoView.swift */,
			);
			path = PredictedOutputsDemo;
			sourceTree = "<group>";
		};
		CE218B742D50F71400FEE2BA /* Frameworks */ = {
			isa = PBXGroup;
			children = (
				CE218B772D50F72A00FEE2BA /* SwiftOpenAI */,
				CE218B752D50F71400FEE2BA /* Package.swift */,
			);
			name = Frameworks;
			sourceTree = "<group>";
		};
/* End PBXGroup section */

/* Begin PBXNativeTarget section */
		7BA788C82AE23A48008825D5 /* SwiftOpenAIExample */ = {
			isa = PBXNativeTarget;
			buildConfigurationList = 7BA788EE2AE23A49008825D5 /* Build configuration list for PBXNativeTarget "SwiftOpenAIExample" */;
			buildPhases = (
				7BA788C52AE23A48008825D5 /* Sources */,
				7BA788C62AE23A48008825D5 /* Frameworks */,
				7BA788C72AE23A48008825D5 /* Resources */,
			);
			buildRules = (
			);
			dependencies = (
			);
			name = SwiftOpenAIExample;
			packageProductDependencies = (
				0DEE5DC02BB40643004894AD /* SwiftOpenAI */,
				CE218B7D2D50F80F00FEE2BA /* SwiftOpenAI */,
			);
			productName = SwiftOpenAIExample;
			productReference = 7BA788C92AE23A48008825D5 /* SwiftOpenAIExample.app */;
			productType = "com.apple.product-type.application";
		};
		7BA788D92AE23A49008825D5 /* SwiftOpenAIExampleTests */ = {
			isa = PBXNativeTarget;
			buildConfigurationList = 7BA788F12AE23A49008825D5 /* Build configuration list for PBXNativeTarget "SwiftOpenAIExampleTests" */;
			buildPhases = (
				7BA788D62AE23A49008825D5 /* Sources */,
				7BA788D72AE23A49008825D5 /* Frameworks */,
				7BA788D82AE23A49008825D5 /* Resources */,
			);
			buildRules = (
			);
			dependencies = (
				7BA788DC2AE23A49008825D5 /* PBXTargetDependency */,
			);
			name = SwiftOpenAIExampleTests;
			productName = SwiftOpenAIExampleTests;
			productReference = 7BA788DA2AE23A49008825D5 /* SwiftOpenAIExampleTests.xctest */;
			productType = "com.apple.product-type.bundle.unit-test";
		};
		7BA788E32AE23A49008825D5 /* SwiftOpenAIExampleUITests */ = {
			isa = PBXNativeTarget;
			buildConfigurationList = 7BA788F42AE23A49008825D5 /* Build configuration list for PBXNativeTarget "SwiftOpenAIExampleUITests" */;
			buildPhases = (
				7BA788E02AE23A49008825D5 /* Sources */,
				7BA788E12AE23A49008825D5 /* Frameworks */,
				7BA788E22AE23A49008825D5 /* Resources */,
			);
			buildRules = (
			);
			dependencies = (
				7BA788E62AE23A49008825D5 /* PBXTargetDependency */,
			);
			name = SwiftOpenAIExampleUITests;
			productName = SwiftOpenAIExampleUITests;
			productReference = 7BA788E42AE23A49008825D5 /* SwiftOpenAIExampleUITests.xctest */;
			productType = "com.apple.product-type.bundle.ui-testing";
		};
/* End PBXNativeTarget section */

/* Begin PBXProject section */
		7BA788C12AE23A48008825D5 /* Project object */ = {
			isa = PBXProject;
			attributes = {
				BuildIndependentTargetsInParallel = 1;
				LastSwiftUpdateCheck = 1500;
				LastUpgradeCheck = 1500;
				TargetAttributes = {
					7BA788C82AE23A48008825D5 = {
						CreatedOnToolsVersion = 15.0;
					};
					7BA788D92AE23A49008825D5 = {
						CreatedOnToolsVersion = 15.0;
						TestTargetID = 7BA788C82AE23A48008825D5;
					};
					7BA788E32AE23A49008825D5 = {
						CreatedOnToolsVersion = 15.0;
						TestTargetID = 7BA788C82AE23A48008825D5;
					};
				};
			};
			buildConfigurationList = 7BA788C42AE23A48008825D5 /* Build configuration list for PBXProject "SwiftOpenAIExample" */;
			compatibilityVersion = "Xcode 14.0";
			developmentRegion = en;
			hasScannedForEncodings = 0;
			knownRegions = (
				en,
				Base,
			);
			mainGroup = 7BA788C02AE23A48008825D5;
			packageReferences = (
				CE218B7C2D50F80F00FEE2BA /* XCLocalSwiftPackageReference "../../../SwiftOpenAI" */,
			);
			productRefGroup = 7BA788CA2AE23A48008825D5 /* Products */;
			projectDirPath = "";
			projectRoot = "";
			targets = (
				7BA788C82AE23A48008825D5 /* SwiftOpenAIExample */,
				7BA788D92AE23A49008825D5 /* SwiftOpenAIExampleTests */,
				7BA788E32AE23A49008825D5 /* SwiftOpenAIExampleUITests */,
			);
		};
/* End PBXProject section */

/* Begin PBXResourcesBuildPhase section */
		7BA788C72AE23A48008825D5 /* Resources */ = {
			isa = PBXResourcesBuildPhase;
			buildActionMask = 2147483647;
			files = (
				7B436B9E2AE256BC003CE281 /* german.m4a in Resources */,
				7BA788D52AE23A49008825D5 /* Preview Assets.xcassets in Resources */,
				7B436BB42AE79481003CE281 /* WorldCupData.jsonl in Resources */,
				7B436B9B2AE25094003CE281 /* narcos.m4a in Resources */,
				7BA788D12AE23A49008825D5 /* Assets.xcassets in Resources */,
			);
			runOnlyForDeploymentPostprocessing = 0;
		};
		7BA788D82AE23A49008825D5 /* Resources */ = {
			isa = PBXResourcesBuildPhase;
			buildActionMask = 2147483647;
			files = (
			);
			runOnlyForDeploymentPostprocessing = 0;
		};
		7BA788E22AE23A49008825D5 /* Resources */ = {
			isa = PBXResourcesBuildPhase;
			buildActionMask = 2147483647;
			files = (
			);
			runOnlyForDeploymentPostprocessing = 0;
		};
/* End PBXResourcesBuildPhase section */

/* Begin PBXSourcesBuildPhase section */
		7BA788C52AE23A48008825D5 /* Sources */ = {
			isa = PBXSourcesBuildPhase;
			buildActionMask = 2147483647;
			files = (
				7BBE7EA92B02E8E50096A693 /* ChatMessageView.swift in Sources */,
				7BE802592D2878170080E06A /* ChatPredictedOutputDemoView.swift in Sources */,
				7B7239AE2AF9FF0000646679 /* ChatFunctionsCallStreamProvider.swift in Sources */,
				7B436BA12AE25958003CE281 /* ChatProvider.swift in Sources */,
				7B436BC32AE7B027003CE281 /* ModerationDemoView.swift in Sources */,
				7B7239AB2AF6294C00646679 /* URLImageView.swift in Sources */,
				7B7239B12AF9FF3C00646679 /* ChatFunctionsCalllStreamDemoView.swift in Sources */,
				7B50DD282C2A9A390070A64D /* LocalHostEntryView.swift in Sources */,
				7BBE7EAB2B02E8FC0096A693 /* ChatMessageDisplayModel.swift in Sources */,
				7B99C2E92C0718FF00E701B3 /* FileAttachmentView.swift in Sources */,
				7BBE7EA52B02E8A70096A693 /* Sizes.swift in Sources */,
				7B7239A22AF6260D00646679 /* ChatDisplayMessage.swift in Sources */,
				0DF957862BB543F100DD2013 /* AIProxyIntroView.swift in Sources */,
				7B1268052B08246400400694 /* AssistantConfigurationDemoView.swift in Sources */,
				7B436BB72AE7A2EA003CE281 /* ImagesProvider.swift in Sources */,
				7B436B962AE24A04003CE281 /* OptionsListView.swift in Sources */,
				7BBE7EDE2B03718E0096A693 /* ChatFunctionCallProvider.swift in Sources */,
				7B7239A62AF628F800646679 /* ChatDisplayMessageView.swift in Sources */,
				7B99C2ED2C071B1600E701B3 /* FilesPickerProvider.swift in Sources */,
				7B7239A02AF625F200646679 /* ChatFluidConversationProvider.swift in Sources */,
				7BA788CF2AE23A48008825D5 /* ApiKeyIntroView.swift in Sources */,
				7BA788CD2AE23A48008825D5 /* SwiftOpenAIExampleApp.swift in Sources */,
				7B3DDCC52BAAA722004B5C96 /* AssistantsListDemoView.swift in Sources */,
				7B3DDCC72BAAAD34004B5C96 /* AssistantThreadConfigurationProvider.swift in Sources */,
				7B3DDCC92BAAAF96004B5C96 /* AssistantStreamDemoScreen.swift in Sources */,
				7B029E3E2C69BEA70025681A /* ChatStructureOutputToolDemoView.swift in Sources */,
				7B413DFE2BB6846D009684CD /* ChatMessageLoadingView.swift in Sources */,
				7B436BB92AE7A2F2003CE281 /* ImagesDemoView.swift in Sources */,
				7B436BB22AE79370003CE281 /* FilesProvider.swift in Sources */,
				7BBE7E942AFCC9640096A693 /* ChatVisionProvider.swift in Sources */,
				0DF957842BB53BEF00DD2013 /* ServiceSelectionView.swift in Sources */,
				7B436BAD2AE788FB003CE281 /* FineTuningJobDemoView.swift in Sources */,
				7B436BB02AE79369003CE281 /* FilesDemoView.swift in Sources */,
				7BBE7E912AFCA52A0096A693 /* ChatVisionDemoView.swift in Sources */,
				7B99C2EB2C07191200E701B3 /* AttachmentView.swift in Sources */,
				7B50DD2B2C2A9D2F0070A64D /* LocalChatDemoView.swift in Sources */,
				7B029E3C2C69BE990025681A /* ChatStructuredOutputToolProvider.swift in Sources */,
				7B436BAB2AE788F1003CE281 /* FineTuningJobProvider.swift in Sources */,
				7B7239A42AF6289900646679 /* ChatStreamFluidConversationDemoView.swift in Sources */,
				7BA788FC2AE23B42008825D5 /* AudioDemoView.swift in Sources */,
				7B99C2E72C0718DE00E701B3 /* FilesPicker.swift in Sources */,
				7B1268072B08247C00400694 /* AssistantConfigurationProvider.swift in Sources */,
				7B029E392C68940D0025681A /* ChatStructuredOutputDemoView.swift in Sources */,
				7B436BBE2AE7ABDA003CE281 /* ModelsDemoView.swift in Sources */,
				7B029E372C6893FD0025681A /* ChatStructuredOutputProvider.swift in Sources */,
				7B436BA32AE25962003CE281 /* ChatDemoView.swift in Sources */,
				7B7239A82AF6292100646679 /* LoadingView.swift in Sources */,
				7B436B992AE25052003CE281 /* ContentLoader.swift in Sources */,
				7B436BC12AE7B01F003CE281 /* ModerationProvider.swift in Sources */,
				7B436BBC2AE7ABD3003CE281 /* ModelsProvider.swift in Sources */,
				7B436BA62AE77F37003CE281 /* Embeddingsprovider.swift in Sources */,
				7BBE7EA72B02E8AC0096A693 /* ThemeColor.swift in Sources */,
				7BA788FE2AE23B95008825D5 /* AudioProvider.swift in Sources */,
				7B436BA82AE77F41003CE281 /* EmbeddingsDemoView.swift in Sources */,
				7BBE7EE02B0372550096A693 /* ChatFunctionCallDemoView.swift in Sources */,
			);
			runOnlyForDeploymentPostprocessing = 0;
		};
		7BA788D62AE23A49008825D5 /* Sources */ = {
			isa = PBXSourcesBuildPhase;
			buildActionMask = 2147483647;
			files = (
				7BE9A5AF2B0B33E600CE8103 /* SwiftOpenAIExampleTests.swift in Sources */,
			);
			runOnlyForDeploymentPostprocessing = 0;
		};
		7BA788E02AE23A49008825D5 /* Sources */ = {
			isa = PBXSourcesBuildPhase;
			buildActionMask = 2147483647;
			files = (
				7BA788E92AE23A49008825D5 /* SwiftOpenAIExampleUITests.swift in Sources */,
				7BA788EB2AE23A49008825D5 /* SwiftOpenAIExampleUITestsLaunchTests.swift in Sources */,
			);
			runOnlyForDeploymentPostprocessing = 0;
		};
/* End PBXSourcesBuildPhase section */

/* Begin PBXTargetDependency section */
		7BA788DC2AE23A49008825D5 /* PBXTargetDependency */ = {
			isa = PBXTargetDependency;
			target = 7BA788C82AE23A48008825D5 /* SwiftOpenAIExample */;
			targetProxy = 7BA788DB2AE23A49008825D5 /* PBXContainerItemProxy */;
		};
		7BA788E62AE23A49008825D5 /* PBXTargetDependency */ = {
			isa = PBXTargetDependency;
			target = 7BA788C82AE23A48008825D5 /* SwiftOpenAIExample */;
			targetProxy = 7BA788E52AE23A49008825D5 /* PBXContainerItemProxy */;
		};
/* End PBXTargetDependency section */

/* Begin XCBuildConfiguration section */
		7BA788EC2AE23A49008825D5 /* Debug */ = {
			isa = XCBuildConfiguration;
			buildSettings = {
				ALWAYS_SEARCH_USER_PATHS = NO;
				ASSETCATALOG_COMPILER_GENERATE_SWIFT_ASSET_SYMBOL_EXTENSIONS = YES;
				CLANG_ANALYZER_NONNULL = YES;
				CLANG_ANALYZER_NUMBER_OBJECT_CONVERSION = YES_AGGRESSIVE;
				CLANG_CXX_LANGUAGE_STANDARD = "gnu++20";
				CLANG_ENABLE_MODULES = YES;
				CLANG_ENABLE_OBJC_ARC = YES;
				CLANG_ENABLE_OBJC_WEAK = YES;
				CLANG_WARN_BLOCK_CAPTURE_AUTORELEASING = YES;
				CLANG_WARN_BOOL_CONVERSION = YES;
				CLANG_WARN_COMMA = YES;
				CLANG_WARN_CONSTANT_CONVERSION = YES;
				CLANG_WARN_DEPRECATED_OBJC_IMPLEMENTATIONS = YES;
				CLANG_WARN_DIRECT_OBJC_ISA_USAGE = YES_ERROR;
				CLANG_WARN_DOCUMENTATION_COMMENTS = YES;
				CLANG_WARN_EMPTY_BODY = YES;
				CLANG_WARN_ENUM_CONVERSION = YES;
				CLANG_WARN_INFINITE_RECURSION = YES;
				CLANG_WARN_INT_CONVERSION = YES;
				CLANG_WARN_NON_LITERAL_NULL_CONVERSION = YES;
				CLANG_WARN_OBJC_IMPLICIT_RETAIN_SELF = YES;
				CLANG_WARN_OBJC_LITERAL_CONVERSION = YES;
				CLANG_WARN_OBJC_ROOT_CLASS = YES_ERROR;
				CLANG_WARN_QUOTED_INCLUDE_IN_FRAMEWORK_HEADER = YES;
				CLANG_WARN_RANGE_LOOP_ANALYSIS = YES;
				CLANG_WARN_STRICT_PROTOTYPES = YES;
				CLANG_WARN_SUSPICIOUS_MOVE = YES;
				CLANG_WARN_UNGUARDED_AVAILABILITY = YES_AGGRESSIVE;
				CLANG_WARN_UNREACHABLE_CODE = YES;
				CLANG_WARN__DUPLICATE_METHOD_MATCH = YES;
				COPY_PHASE_STRIP = NO;
				DEBUG_INFORMATION_FORMAT = dwarf;
				ENABLE_STRICT_OBJC_MSGSEND = YES;
				ENABLE_TESTABILITY = YES;
				ENABLE_USER_SCRIPT_SANDBOXING = YES;
				GCC_C_LANGUAGE_STANDARD = gnu17;
				GCC_DYNAMIC_NO_PIC = NO;
				GCC_NO_COMMON_BLOCKS = YES;
				GCC_OPTIMIZATION_LEVEL = 0;
				GCC_PREPROCESSOR_DEFINITIONS = (
					"DEBUG=1",
					"$(inherited)",
				);
				GCC_WARN_64_TO_32_BIT_CONVERSION = YES;
				GCC_WARN_ABOUT_RETURN_TYPE = YES_ERROR;
				GCC_WARN_UNDECLARED_SELECTOR = YES;
				GCC_WARN_UNINITIALIZED_AUTOS = YES_AGGRESSIVE;
				GCC_WARN_UNUSED_FUNCTION = YES;
				GCC_WARN_UNUSED_VARIABLE = YES;
				LOCALIZATION_PREFERS_STRING_CATALOGS = YES;
				MTL_ENABLE_DEBUG_INFO = INCLUDE_SOURCE;
				MTL_FAST_MATH = YES;
				ONLY_ACTIVE_ARCH = YES;
				SWIFT_ACTIVE_COMPILATION_CONDITIONS = "DEBUG $(inherited)";
				SWIFT_OPTIMIZATION_LEVEL = "-Onone";
			};
			name = Debug;
		};
		7BA788ED2AE23A49008825D5 /* Release */ = {
			isa = XCBuildConfiguration;
			buildSettings = {
				ALWAYS_SEARCH_USER_PATHS = NO;
				ASSETCATALOG_COMPILER_GENERATE_SWIFT_ASSET_SYMBOL_EXTENSIONS = YES;
				CLANG_ANALYZER_NONNULL = YES;
				CLANG_ANALYZER_NUMBER_OBJECT_CONVERSION = YES_AGGRESSIVE;
				CLANG_CXX_LANGUAGE_STANDARD = "gnu++20";
				CLANG_ENABLE_MODULES = YES;
				CLANG_ENABLE_OBJC_ARC = YES;
				CLANG_ENABLE_OBJC_WEAK = YES;
				CLANG_WARN_BLOCK_CAPTURE_AUTORELEASING = YES;
				CLANG_WARN_BOOL_CONVERSION = YES;
				CLANG_WARN_COMMA = YES;
				CLANG_WARN_CONSTANT_CONVERSION = YES;
				CLANG_WARN_DEPRECATED_OBJC_IMPLEMENTATIONS = YES;
				CLANG_WARN_DIRECT_OBJC_ISA_USAGE = YES_ERROR;
				CLANG_WARN_DOCUMENTATION_COMMENTS = YES;
				CLANG_WARN_EMPTY_BODY = YES;
				CLANG_WARN_ENUM_CONVERSION = YES;
				CLANG_WARN_INFINITE_RECURSION = YES;
				CLANG_WARN_INT_CONVERSION = YES;
				CLANG_WARN_NON_LITERAL_NULL_CONVERSION = YES;
				CLANG_WARN_OBJC_IMPLICIT_RETAIN_SELF = YES;
				CLANG_WARN_OBJC_LITERAL_CONVERSION = YES;
				CLANG_WARN_OBJC_ROOT_CLASS = YES_ERROR;
				CLANG_WARN_QUOTED_INCLUDE_IN_FRAMEWORK_HEADER = YES;
				CLANG_WARN_RANGE_LOOP_ANALYSIS = YES;
				CLANG_WARN_STRICT_PROTOTYPES = YES;
				CLANG_WARN_SUSPICIOUS_MOVE = YES;
				CLANG_WARN_UNGUARDED_AVAILABILITY = YES_AGGRESSIVE;
				CLANG_WARN_UNREACHABLE_CODE = YES;
				CLANG_WARN__DUPLICATE_METHOD_MATCH = YES;
				COPY_PHASE_STRIP = NO;
				DEBUG_INFORMATION_FORMAT = "dwarf-with-dsym";
				ENABLE_NS_ASSERTIONS = NO;
				ENABLE_STRICT_OBJC_MSGSEND = YES;
				ENABLE_USER_SCRIPT_SANDBOXING = YES;
				GCC_C_LANGUAGE_STANDARD = gnu17;
				GCC_NO_COMMON_BLOCKS = YES;
				GCC_WARN_64_TO_32_BIT_CONVERSION = YES;
				GCC_WARN_ABOUT_RETURN_TYPE = YES_ERROR;
				GCC_WARN_UNDECLARED_SELECTOR = YES;
				GCC_WARN_UNINITIALIZED_AUTOS = YES_AGGRESSIVE;
				GCC_WARN_UNUSED_FUNCTION = YES;
				GCC_WARN_UNUSED_VARIABLE = YES;
				LOCALIZATION_PREFERS_STRING_CATALOGS = YES;
				MTL_ENABLE_DEBUG_INFO = NO;
				MTL_FAST_MATH = YES;
				SWIFT_COMPILATION_MODE = wholemodule;
			};
			name = Release;
		};
		7BA788EF2AE23A49008825D5 /* Debug */ = {
			isa = XCBuildConfiguration;
			buildSettings = {
				ASSETCATALOG_COMPILER_APPICON_NAME = AppIcon;
				ASSETCATALOG_COMPILER_GLOBAL_ACCENT_COLOR_NAME = AccentColor;
				CODE_SIGN_ENTITLEMENTS = SwiftOpenAIExample/SwiftOpenAIExample.entitlements;
				CODE_SIGN_STYLE = Automatic;
				CURRENT_PROJECT_VERSION = 1;
				DEVELOPMENT_ASSET_PATHS = "\"SwiftOpenAIExample/Preview Content\"";
				DEVELOPMENT_TEAM = CQ45U4X9K3;
				ENABLE_HARDENED_RUNTIME = YES;
				ENABLE_PREVIEWS = YES;
				GENERATE_INFOPLIST_FILE = YES;
				"INFOPLIST_KEY_UIApplicationSceneManifest_Generation[sdk=iphoneos*]" = YES;
				"INFOPLIST_KEY_UIApplicationSceneManifest_Generation[sdk=iphonesimulator*]" = YES;
				"INFOPLIST_KEY_UIApplicationSupportsIndirectInputEvents[sdk=iphoneos*]" = YES;
				"INFOPLIST_KEY_UIApplicationSupportsIndirectInputEvents[sdk=iphonesimulator*]" = YES;
				"INFOPLIST_KEY_UILaunchScreen_Generation[sdk=iphoneos*]" = YES;
				"INFOPLIST_KEY_UILaunchScreen_Generation[sdk=iphonesimulator*]" = YES;
				"INFOPLIST_KEY_UIStatusBarStyle[sdk=iphoneos*]" = UIStatusBarStyleDefault;
				"INFOPLIST_KEY_UIStatusBarStyle[sdk=iphonesimulator*]" = UIStatusBarStyleDefault;
				INFOPLIST_KEY_UISupportedInterfaceOrientations_iPad = "UIInterfaceOrientationPortrait UIInterfaceOrientationPortraitUpsideDown UIInterfaceOrientationLandscapeLeft UIInterfaceOrientationLandscapeRight";
				INFOPLIST_KEY_UISupportedInterfaceOrientations_iPhone = "UIInterfaceOrientationPortrait UIInterfaceOrientationLandscapeLeft UIInterfaceOrientationLandscapeRight";
				IPHONEOS_DEPLOYMENT_TARGET = 17.0;
				LD_RUNPATH_SEARCH_PATHS = "@executable_path/Frameworks";
				"LD_RUNPATH_SEARCH_PATHS[sdk=macosx*]" = "@executable_path/../Frameworks";
				MACOSX_DEPLOYMENT_TARGET = 14.0;
				MARKETING_VERSION = 1.0;
				PRODUCT_BUNDLE_IDENTIFIER = jamesRochabrun.SwiftOpenAIExample;
				PRODUCT_NAME = "$(TARGET_NAME)";
				SDKROOT = auto;
				SUPPORTED_PLATFORMS = "iphoneos iphonesimulator macosx";
				SWIFT_EMIT_LOC_STRINGS = YES;
				SWIFT_VERSION = 5.0;
				TARGETED_DEVICE_FAMILY = "1,2";
			};
			name = Debug;
		};
		7BA788F02AE23A49008825D5 /* Release */ = {
			isa = XCBuildConfiguration;
			buildSettings = {
				ASSETCATALOG_COMPILER_APPICON_NAME = AppIcon;
				ASSETCATALOG_COMPILER_GLOBAL_ACCENT_COLOR_NAME = AccentColor;
				CODE_SIGN_ENTITLEMENTS = SwiftOpenAIExample/SwiftOpenAIExample.entitlements;
				CODE_SIGN_STYLE = Automatic;
				CURRENT_PROJECT_VERSION = 1;
				DEVELOPMENT_ASSET_PATHS = "\"SwiftOpenAIExample/Preview Content\"";
				DEVELOPMENT_TEAM = CQ45U4X9K3;
				ENABLE_HARDENED_RUNTIME = YES;
				ENABLE_PREVIEWS = YES;
				GENERATE_INFOPLIST_FILE = YES;
				"INFOPLIST_KEY_UIApplicationSceneManifest_Generation[sdk=iphoneos*]" = YES;
				"INFOPLIST_KEY_UIApplicationSceneManifest_Generation[sdk=iphonesimulator*]" = YES;
				"INFOPLIST_KEY_UIApplicationSupportsIndirectInputEvents[sdk=iphoneos*]" = YES;
				"INFOPLIST_KEY_UIApplicationSupportsIndirectInputEvents[sdk=iphonesimulator*]" = YES;
				"INFOPLIST_KEY_UILaunchScreen_Generation[sdk=iphoneos*]" = YES;
				"INFOPLIST_KEY_UILaunchScreen_Generation[sdk=iphonesimulator*]" = YES;
				"INFOPLIST_KEY_UIStatusBarStyle[sdk=iphoneos*]" = UIStatusBarStyleDefault;
				"INFOPLIST_KEY_UIStatusBarStyle[sdk=iphonesimulator*]" = UIStatusBarStyleDefault;
				INFOPLIST_KEY_UISupportedInterfaceOrientations_iPad = "UIInterfaceOrientationPortrait UIInterfaceOrientationPortraitUpsideDown UIInterfaceOrientationLandscapeLeft UIInterfaceOrientationLandscapeRight";
				INFOPLIST_KEY_UISupportedInterfaceOrientations_iPhone = "UIInterfaceOrientationPortrait UIInterfaceOrientationLandscapeLeft UIInterfaceOrientationLandscapeRight";
				IPHONEOS_DEPLOYMENT_TARGET = 17.0;
				LD_RUNPATH_SEARCH_PATHS = "@executable_path/Frameworks";
				"LD_RUNPATH_SEARCH_PATHS[sdk=macosx*]" = "@executable_path/../Frameworks";
				MACOSX_DEPLOYMENT_TARGET = 14.0;
				MARKETING_VERSION = 1.0;
				PRODUCT_BUNDLE_IDENTIFIER = jamesRochabrun.SwiftOpenAIExample;
				PRODUCT_NAME = "$(TARGET_NAME)";
				SDKROOT = auto;
				SUPPORTED_PLATFORMS = "iphoneos iphonesimulator macosx";
				SWIFT_EMIT_LOC_STRINGS = YES;
				SWIFT_VERSION = 5.0;
				TARGETED_DEVICE_FAMILY = "1,2";
			};
			name = Release;
		};
		7BA788F22AE23A49008825D5 /* Debug */ = {
			isa = XCBuildConfiguration;
			buildSettings = {
				ALWAYS_EMBED_SWIFT_STANDARD_LIBRARIES = YES;
				BUNDLE_LOADER = "$(TEST_HOST)";
				CODE_SIGN_STYLE = Automatic;
				CURRENT_PROJECT_VERSION = 1;
				DEVELOPMENT_TEAM = CQ45U4X9K3;
				GENERATE_INFOPLIST_FILE = YES;
				IPHONEOS_DEPLOYMENT_TARGET = 17.0;
				MACOSX_DEPLOYMENT_TARGET = 14.0;
				MARKETING_VERSION = 1.0;
				PRODUCT_BUNDLE_IDENTIFIER = jamesRochabrun.SwiftOpenAIExampleTests;
				PRODUCT_NAME = "$(TARGET_NAME)";
				SDKROOT = auto;
				SUPPORTED_PLATFORMS = "iphoneos iphonesimulator macosx";
				SWIFT_EMIT_LOC_STRINGS = NO;
				SWIFT_VERSION = 5.0;
				TARGETED_DEVICE_FAMILY = "1,2";
				TEST_HOST = "$(BUILT_PRODUCTS_DIR)/SwiftOpenAIExample.app/$(BUNDLE_EXECUTABLE_FOLDER_PATH)/SwiftOpenAIExample";
			};
			name = Debug;
		};
		7BA788F32AE23A49008825D5 /* Release */ = {
			isa = XCBuildConfiguration;
			buildSettings = {
				ALWAYS_EMBED_SWIFT_STANDARD_LIBRARIES = YES;
				BUNDLE_LOADER = "$(TEST_HOST)";
				CODE_SIGN_STYLE = Automatic;
				CURRENT_PROJECT_VERSION = 1;
				DEVELOPMENT_TEAM = CQ45U4X9K3;
				GENERATE_INFOPLIST_FILE = YES;
				IPHONEOS_DEPLOYMENT_TARGET = 17.0;
				MACOSX_DEPLOYMENT_TARGET = 14.0;
				MARKETING_VERSION = 1.0;
				PRODUCT_BUNDLE_IDENTIFIER = jamesRochabrun.SwiftOpenAIExampleTests;
				PRODUCT_NAME = "$(TARGET_NAME)";
				SDKROOT = auto;
				SUPPORTED_PLATFORMS = "iphoneos iphonesimulator macosx";
				SWIFT_EMIT_LOC_STRINGS = NO;
				SWIFT_VERSION = 5.0;
				TARGETED_DEVICE_FAMILY = "1,2";
				TEST_HOST = "$(BUILT_PRODUCTS_DIR)/SwiftOpenAIExample.app/$(BUNDLE_EXECUTABLE_FOLDER_PATH)/SwiftOpenAIExample";
			};
			name = Release;
		};
		7BA788F52AE23A49008825D5 /* Debug */ = {
			isa = XCBuildConfiguration;
			buildSettings = {
				ALWAYS_EMBED_SWIFT_STANDARD_LIBRARIES = YES;
				CODE_SIGN_STYLE = Automatic;
				CURRENT_PROJECT_VERSION = 1;
				DEVELOPMENT_TEAM = CQ45U4X9K3;
				GENERATE_INFOPLIST_FILE = YES;
				IPHONEOS_DEPLOYMENT_TARGET = 17.0;
				MACOSX_DEPLOYMENT_TARGET = 14.0;
				MARKETING_VERSION = 1.0;
				PRODUCT_BUNDLE_IDENTIFIER = jamesRochabrun.SwiftOpenAIExampleUITests;
				PRODUCT_NAME = "$(TARGET_NAME)";
				SDKROOT = auto;
				SUPPORTED_PLATFORMS = "iphoneos iphonesimulator macosx";
				SWIFT_EMIT_LOC_STRINGS = NO;
				SWIFT_VERSION = 5.0;
				TARGETED_DEVICE_FAMILY = "1,2";
				TEST_TARGET_NAME = SwiftOpenAIExample;
			};
			name = Debug;
		};
		7BA788F62AE23A49008825D5 /* Release */ = {
			isa = XCBuildConfiguration;
			buildSettings = {
				ALWAYS_EMBED_SWIFT_STANDARD_LIBRARIES = YES;
				CODE_SIGN_STYLE = Automatic;
				CURRENT_PROJECT_VERSION = 1;
				DEVELOPMENT_TEAM = CQ45U4X9K3;
				GENERATE_INFOPLIST_FILE = YES;
				IPHONEOS_DEPLOYMENT_TARGET = 17.0;
				MACOSX_DEPLOYMENT_TARGET = 14.0;
				MARKETING_VERSION = 1.0;
				PRODUCT_BUNDLE_IDENTIFIER = jamesRochabrun.SwiftOpenAIExampleUITests;
				PRODUCT_NAME = "$(TARGET_NAME)";
				SDKROOT = auto;
				SUPPORTED_PLATFORMS = "iphoneos iphonesimulator macosx";
				SWIFT_EMIT_LOC_STRINGS = NO;
				SWIFT_VERSION = 5.0;
				TARGETED_DEVICE_FAMILY = "1,2";
				TEST_TARGET_NAME = SwiftOpenAIExample;
			};
			name = Release;
		};
/* End XCBuildConfiguration section */

/* Begin XCConfigurationList section */
		7BA788C42AE23A48008825D5 /* Build configuration list for PBXProject "SwiftOpenAIExample" */ = {
			isa = XCConfigurationList;
			buildConfigurations = (
				7BA788EC2AE23A49008825D5 /* Debug */,
				7BA788ED2AE23A49008825D5 /* Release */,
			);
			defaultConfigurationIsVisible = 0;
			defaultConfigurationName = Release;
		};
		7BA788EE2AE23A49008825D5 /* Build configuration list for PBXNativeTarget "SwiftOpenAIExample" */ = {
			isa = XCConfigurationList;
			buildConfigurations = (
				7BA788EF2AE23A49008825D5 /* Debug */,
				7BA788F02AE23A49008825D5 /* Release */,
			);
			defaultConfigurationIsVisible = 0;
			defaultConfigurationName = Release;
		};
		7BA788F12AE23A49008825D5 /* Build configuration list for PBXNativeTarget "SwiftOpenAIExampleTests" */ = {
			isa = XCConfigurationList;
			buildConfigurations = (
				7BA788F22AE23A49008825D5 /* Debug */,
				7BA788F32AE23A49008825D5 /* Release */,
			);
			defaultConfigurationIsVisible = 0;
			defaultConfigurationName = Release;
		};
		7BA788F42AE23A49008825D5 /* Build configuration list for PBXNativeTarget "SwiftOpenAIExampleUITests" */ = {
			isa = XCConfigurationList;
			buildConfigurations = (
				7BA788F52AE23A49008825D5 /* Debug */,
				7BA788F62AE23A49008825D5 /* Release */,
			);
			defaultConfigurationIsVisible = 0;
			defaultConfigurationName = Release;
		};
/* End XCConfigurationList section */

/* Begin XCLocalSwiftPackageReference section */
		CE218B7C2D50F80F00FEE2BA /* XCLocalSwiftPackageReference "../../../SwiftOpenAI" */ = {
			isa = XCLocalSwiftPackageReference;
			relativePath = ../../../SwiftOpenAI;
		};
/* End XCLocalSwiftPackageReference section */

/* Begin XCSwiftPackageProductDependency section */
		0DEE5DC02BB40643004894AD /* SwiftOpenAI */ = {
			isa = XCSwiftPackageProductDependency;
			productName = SwiftOpenAI;
		};
		CE218B7D2D50F80F00FEE2BA /* SwiftOpenAI */ = {
			isa = XCSwiftPackageProductDependency;
			productName = SwiftOpenAI;
		};
/* End XCSwiftPackageProductDependency section */
	};
	rootObject = 7BA788C12AE23A48008825D5 /* Project object */;
}
